
Microsoft Visual Studio Solution File, Format Version 12.00
# Visual Studio 14
VisualStudioVersion = 14.0.23107.0
MinimumVisualStudioVersion = 10.0.40219.1
Project("{FAE04EC0-301F-11D3-BF4B-00C04F79EFBC}") = "PdfCodeEditor", "PdfCodeEditor\PdfCodeEditor.csproj", "{9481C22F-AE56-4222-BC54-C5727194C22A}"
EndProject
Project("{FAE04EC0-301F-11D3-BF4B-00C04F79EFBC}") = "PdfCodeEditor.Tests", "PdfCodeEditor.Tests\PdfCodeEditor.Tests.csproj", "{29B3B7A6-FE89-40C3-9C37-E865A2385098}"
EndProject
Project("{930C7802-8A8C-48F9-8165-68863BCCD9DD}") = "PdfCodeEditor.Installer", "PdfCodeEditor.Installer\PdfCodeEditor.Installer.wixproj", "{0EEB91AB-DB17-4465-B3A5-EA8E6A1414D1}"
EndProject
Project("{FAE04EC0-301F-11D3-BF4B-00C04F79EFBC}") = "PdfWorkbench", "PdfWorkbench\PdfWorkbench.csproj", "{FEDE093C-9D42-4123-944E-1DC90CD20922}"
EndProject
Global
	GlobalSection(SolutionConfigurationPlatforms) = preSolution
		Debug|Any CPU = Debug|Any CPU
		Release|Any CPU = Release|Any CPU
	EndGlobalSection
	GlobalSection(ProjectConfigurationPlatforms) = postSolution
		{9481C22F-AE56-4222-BC54-C5727194C22A}.Debug|Any CPU.ActiveCfg = Debug|Any CPU
		{9481C22F-AE56-4222-BC54-C5727194C22A}.Debug|Any CPU.Build.0 = Debug|Any CPU
		{9481C22F-AE56-4222-BC54-C5727194C22A}.Release|Any CPU.ActiveCfg = Release|Any CPU
		{9481C22F-AE56-4222-BC54-C5727194C22A}.Release|Any CPU.Build.0 = Release|Any CPU
		{29B3B7A6-FE89-40C3-9C37-E865A2385098}.Debug|Any CPU.ActiveCfg = Debug|Any CPU
		{29B3B7A6-FE89-40C3-9C37-E865A2385098}.Debug|Any CPU.Build.0 = Debug|Any CPU
		{29B3B7A6-FE89-40C3-9C37-E865A2385098}.Release|Any CPU.ActiveCfg = Release|Any CPU
		{29B3B7A6-FE89-40C3-9C37-E865A2385098}.Release|Any CPU.Build.0 = Release|Any CPU
		{0EEB91AB-DB17-4465-B3A5-EA8E6A1414D1}.Debug|Any CPU.ActiveCfg = Debug|x86
		{0EEB91AB-DB17-4465-B3A5-EA8E6A1414D1}.Release|Any CPU.ActiveCfg = Release|x86
		{FEDE093C-9D42-4123-944E-1DC90CD20922}.Debug|Any CPU.ActiveCfg = Debug|Any CPU
		{FEDE093C-9D42-4123-944E-1DC90CD20922}.Debug|Any CPU.Build.0 = Debug|Any CPU
		{FEDE093C-9D42-4123-944E-1DC90CD20922}.Release|Any CPU.ActiveCfg = Release|Any CPU
		{FEDE093C-9D42-4123-944E-1DC90CD20922}.Release|Any CPU.Build.0 = Release|Any CPU
	EndGlobalSection
	GlobalSection(SolutionProperties) = preSolution
		HideSolutionNode = FALSE
	EndGlobalSection
EndGlobal
